Microsoft Visual Studio Solution File, Format Version 12.00
# Visual Studio Version 16
VisualStudioVersion = 16.0.29920.165
MinimumVisualStudioVersion = 15.0.26124.0

Project("{D954291E-2A0B-460D-934E-DC6B0785DB48}") = "TikTokSample.Shared", "TikTokSample.Shared\TikTokSample.Shared.shproj", "{6279C845-92F8-4333-AB99-3D213163593C}"
EndProject

Project("{FAE04EC0-301F-11D3-BF4B-00C04F79EFBC}") = "TikTokSample.Droid", "TikTokSample.Droid\TikTokSample.Droid.csproj", "{C47749A0-3F60-4207-8290-9102A7D5ABDF}"
EndProject

Project("{FAE04EC0-301F-11D3-BF4B-00C04F79EFBC}") = "TikTokSample.iOS", "TikTokSample.iOS\TikTokSample.iOS.csproj", "{8EAAAB38-4587-4611-B8E9-AC77C0F794A5}"
EndProject

Project("{FAE04EC0-301F-11D3-BF4B-00C04F79EFBC}") = "TikTokSample.Uwp", "TikTokSample.UWP\TikTokSample.Uwp.csproj", "{2E003F0C-5C5A-403E-BD25-A80E89218774}"
EndProject

Project("{9A19103F-16F7-4668-BE54-9A1E7A4F7556}") = "TikTokSample.Wasm", "TikTokSample.Wasm\TikTokSample.Wasm.csproj", "{40EA03F7-8A22-4143-B251-79BAC3EB13D2}"
EndProject

Project("{FAE04EC0-301F-11D3-BF4B-00C04F79EFBC}") = "TikTokSample.macOS", "TikTokSample.macOS\TikTokSample.macOS.csproj", "{C136F956-D75D-48C2-899C-5C5E9B46A097}"
EndProject

Project("{9A19103F-16F7-4668-BE54-9A1E7A4F7556}") = "TikTokSample.Skia.Gtk", "TikTokSample.Skia.Gtk\TikTokSample.Skia.Gtk.csproj", "{A5B8155A-118F-4794-B551-C6F3CF7E5411}"
EndProject

Project("{9A19103F-16F7-4668-BE54-9A1E7A4F7556}") = "TikTokSample.Skia.WPF", "TikTokSample.Skia.WPF\TikTokSample.Skia.WPF.csproj", "{048DCF8F-5727-4AC3-AFC8-5A306D84A423}"
EndProject
Project("{9A19103F-16F7-4668-BE54-9A1E7A4F7556}") = "TikTokSample.Skia.Wpf.Host", "TikTokSample.Skia.WPF.Host\TikTokSample.Skia.Wpf.Host.csproj", "{6CF284A4-22B1-4F05-97F4-F095C07A598E}"
EndProject

Project("{9A19103F-16F7-4668-BE54-9A1E7A4F7556}") = "TikTokSample.Skia.Tizen", "TikTokSample.Skia.Tizen\TikTokSample.Skia.Tizen.csproj", "{9AED22A6-77DC-4799-BAE7-5F26F2070BD2}"
EndProject

Project("{9A19103F-16F7-4668-BE54-9A1E7A4F7556}") = "TikTokSample.Skia.Linux.FrameBuffer", "TikTokSample.Skia.Linux.FrameBuffer\TikTokSample.Skia.Linux.FrameBuffer.csproj", "{761D821E-9905-4444-9ADF-76C995FE5427}"
EndProject

Global
	GlobalSection(SharedMSBuildProjectFiles) = preSolution
		TikTokSample.Shared\TikTokSample.Shared.projitems*{C47749A0-3F60-4207-8290-9102A7D5ABDF}*SharedItemsImports = 4
		TikTokSample.Shared\TikTokSample.Shared.projitems*{048DCF8F-5727-4AC3-AFC8-5A306D84A423}*SharedItemsImports = 5
		TikTokSample.Shared\TikTokSample.Shared.projitems*{C136F956-D75D-48C2-899C-5C5E9B46A097}*SharedItemsImports = 4
		TikTokSample.Shared\TikTokSample.Shared.projitems*{40ea03f7-8a22-4143-b251-79bac3eb13d2}*SharedItemsImports = 5
		TikTokSample.Shared\TikTokSample.Shared.projitems*{a5b8155a-118f-4794-b551-c6f3cf7e5411}*SharedItemsImports = 5
		TikTokSample.Shared\TikTokSample.Shared.projitems*{8EAAAB38-4587-4611-B8E9-AC77C0F794A5}*SharedItemsImports = 4
		TikTokSample.Shared\TikTokSample.Shared.projitems*{6279c845-92f8-4333-ab99-3d213163593c}*SharedItemsImports = 13
		TikTokSample.Shared\TikTokSample.Shared.projitems*{2E003F0C-5C5A-403E-BD25-A80E89218774}*SharedItemsImports = 4
	EndGlobalSection
	GlobalSection(SolutionConfigurationPlatforms) = preSolution
		Debug|Any CPU = Debug|Any CPU
		Debug|ARM = Debug|ARM
		Debug|ARM64 = Debug|ARM64
		Debug|iPhone = Debug|iPhone
		Debug|iPhoneSimulator = Debug|iPhoneSimulator
		Debug|x64 = Debug|x64
		Debug|x86 = Debug|x86
		Release|Any CPU = Release|Any CPU
		Release|ARM = Release|ARM
		Release|ARM64 = Release|ARM64
		Release|iPhone = Release|iPhone
		Release|iPhoneSimulator = Release|iPhoneSimulator
		Release|x64 = Release|x64
		Release|x86 = Release|x86
	EndGlobalSection
	GlobalSection(ProjectConfigurationPlatforms) = postSolution
		{C47749A0-3F60-4207-8290-9102A7D5ABDF}.Debug|Any CPU.ActiveCfg = Debug|Any CPU
		{C47749A0-3F60-4207-8290-9102A7D5ABDF}.Debug|Any CPU.Build.0 = Debug|Any CPU
		{C47749A0-3F60-4207-8290-9102A7D5ABDF}.Debug|Any CPU.Deploy.0 = Debug|Any CPU
		{C47749A0-3F60-4207-8290-9102A7D5ABDF}.Debug|ARM.ActiveCfg = Debug|Any CPU
		{C47749A0-3F60-4207-8290-9102A7D5ABDF}.Debug|ARM.Build.0 = Debug|Any CPU
		{C47749A0-3F60-4207-8290-9102A7D5ABDF}.Debug|ARM.Deploy.0 = Debug|Any CPU
		{C47749A0-3F60-4207-8290-9102A7D5ABDF}.Debug|ARM64.ActiveCfg = Debug|Any CPU
		{C47749A0-3F60-4207-8290-9102A7D5ABDF}.Debug|ARM64.Build.0 = Debug|Any CPU
		{C47749A0-3F60-4207-8290-9102A7D5ABDF}.Debug|ARM64.Deploy.0 = Debug|Any CPU
		{C47749A0-3F60-4207-8290-9102A7D5ABDF}.Debug|iPhone.ActiveCfg = Debug|Any CPU
		{C47749A0-3F60-4207-8290-9102A7D5ABDF}.Debug|iPhone.Build.0 = Debug|Any CPU
		{C47749A0-3F60-4207-8290-9102A7D5ABDF}.Debug|iPhone.Deploy.0 = Debug|Any CPU
		{C47749A0-3F60-4207-8290-9102A7D5ABDF}.Debug|iPhoneSimulator.ActiveCfg = Debug|Any CPU
		{C47749A0-3F60-4207-8290-9102A7D5ABDF}.Debug|iPhoneSimulator.Build.0 = Debug|Any CPU
		{C47749A0-3F60-4207-8290-9102A7D5ABDF}.Debug|iPhoneSimulator.Deploy.0 = Debug|Any CPU
		{C47749A0-3F60-4207-8290-9102A7D5ABDF}.Debug|x64.ActiveCfg = Debug|Any CPU
		{C47749A0-3F60-4207-8290-9102A7D5ABDF}.Debug|x64.Build.0 = Debug|Any CPU
		{C47749A0-3F60-4207-8290-9102A7D5ABDF}.Debug|x64.Deploy.0 = Debug|Any CPU
		{C47749A0-3F60-4207-8290-9102A7D5ABDF}.Debug|x86.ActiveCfg = Debug|Any CPU
		{C47749A0-3F60-4207-8290-9102A7D5ABDF}.Debug|x86.Build.0 = Debug|Any CPU
		{C47749A0-3F60-4207-8290-9102A7D5ABDF}.Debug|x86.Deploy.0 = Debug|Any CPU

		{C47749A0-3F60-4207-8290-9102A7D5ABDF}.Release|Any CPU.ActiveCfg = Release|Any CPU
		{C47749A0-3F60-4207-8290-9102A7D5ABDF}.Release|Any CPU.Build.0 = Release|Any CPU
		{C47749A0-3F60-4207-8290-9102A7D5ABDF}.Release|Any CPU.Deploy.0 = Release|Any CPU
		{C47749A0-3F60-4207-8290-9102A7D5ABDF}.Release|ARM.ActiveCfg = Release|Any CPU
		{C47749A0-3F60-4207-8290-9102A7D5ABDF}.Release|ARM.Build.0 = Release|Any CPU
		{C47749A0-3F60-4207-8290-9102A7D5ABDF}.Release|ARM.Deploy.0 = Release|Any CPU
		{C47749A0-3F60-4207-8290-9102A7D5ABDF}.Release|ARM64.ActiveCfg = Release|Any CPU
		{C47749A0-3F60-4207-8290-9102A7D5ABDF}.Release|ARM64.Build.0 = Release|Any CPU
		{C47749A0-3F60-4207-8290-9102A7D5ABDF}.Release|ARM64.Deploy.0 = Release|Any CPU
		{C47749A0-3F60-4207-8290-9102A7D5ABDF}.Release|iPhone.ActiveCfg = Release|Any CPU
		{C47749A0-3F60-4207-8290-9102A7D5ABDF}.Release|iPhone.Build.0 = Release|Any CPU
		{C47749A0-3F60-4207-8290-9102A7D5ABDF}.Release|iPhone.Deploy.0 = Release|Any CPU
		{C47749A0-3F60-4207-8290-9102A7D5ABDF}.Release|iPhoneSimulator.ActiveCfg = Release|Any CPU
		{C47749A0-3F60-4207-8290-9102A7D5ABDF}.Release|iPhoneSimulator.Build.0 = Release|Any CPU
		{C47749A0-3F60-4207-8290-9102A7D5ABDF}.Release|iPhoneSimulator.Deploy.0 = Release|Any CPU
		{C47749A0-3F60-4207-8290-9102A7D5ABDF}.Release|x64.ActiveCfg = Release|Any CPU
		{C47749A0-3F60-4207-8290-9102A7D5ABDF}.Release|x64.Build.0 = Release|Any CPU
		{C47749A0-3F60-4207-8290-9102A7D5ABDF}.Release|x64.Deploy.0 = Release|Any CPU
		{C47749A0-3F60-4207-8290-9102A7D5ABDF}.Release|x86.ActiveCfg = Release|Any CPU
		{C47749A0-3F60-4207-8290-9102A7D5ABDF}.Release|x86.Build.0 = Release|Any CPU
		{C47749A0-3F60-4207-8290-9102A7D5ABDF}.Release|x86.Deploy.0 = Release|Any CPU
		{8EAAAB38-4587-4611-B8E9-AC77C0F794A5}.Debug|Any CPU.ActiveCfg = Debug|iPhone
		{8EAAAB38-4587-4611-B8E9-AC77C0F794A5}.Debug|Any CPU.Build.0 = Debug|iPhone
		{8EAAAB38-4587-4611-B8E9-AC77C0F794A5}.Debug|Any CPU.Deploy.0 = Debug|iPhone
		{8EAAAB38-4587-4611-B8E9-AC77C0F794A5}.Debug|ARM.ActiveCfg = Debug|iPhone
		{8EAAAB38-4587-4611-B8E9-AC77C0F794A5}.Debug|ARM64.ActiveCfg = Debug|iPhone
		{8EAAAB38-4587-4611-B8E9-AC77C0F794A5}.Debug|iPhone.ActiveCfg = Debug|iPhone
		{8EAAAB38-4587-4611-B8E9-AC77C0F794A5}.Debug|iPhone.Build.0 = Debug|iPhone
		{8EAAAB38-4587-4611-B8E9-AC77C0F794A5}.Debug|iPhoneSimulator.ActiveCfg = Debug|iPhoneSimulator
		{8EAAAB38-4587-4611-B8E9-AC77C0F794A5}.Debug|iPhoneSimulator.Build.0 = Debug|iPhoneSimulator
		{8EAAAB38-4587-4611-B8E9-AC77C0F794A5}.Debug|x64.ActiveCfg = Debug|iPhone
		{8EAAAB38-4587-4611-B8E9-AC77C0F794A5}.Debug|x64.Build.0 = Debug|iPhone
		{8EAAAB38-4587-4611-B8E9-AC77C0F794A5}.Debug|x64.Deploy.0 = Debug|iPhone
		{8EAAAB38-4587-4611-B8E9-AC77C0F794A5}.Debug|x86.ActiveCfg = Debug|iPhoneSimulator
		{8EAAAB38-4587-4611-B8E9-AC77C0F794A5}.Debug|x86.Build.0 = Debug|iPhoneSimulator
		{8EAAAB38-4587-4611-B8E9-AC77C0F794A5}.Debug|x86.Deploy.0 = Debug|iPhoneSimulator
		{8EAAAB38-4587-4611-B8E9-AC77C0F794A5}.Release|Any CPU.ActiveCfg = Release|iPhone
		{8EAAAB38-4587-4611-B8E9-AC77C0F794A5}.Release|ARM.ActiveCfg = Release|iPhone
		{8EAAAB38-4587-4611-B8E9-AC77C0F794A5}.Release|ARM64.ActiveCfg = Release|iPhone
		{8EAAAB38-4587-4611-B8E9-AC77C0F794A5}.Release|iPhone.ActiveCfg = Release|iPhone
		{8EAAAB38-4587-4611-B8E9-AC77C0F794A5}.Release|iPhone.Build.0 = Release|iPhone
		{8EAAAB38-4587-4611-B8E9-AC77C0F794A5}.Release|iPhoneSimulator.ActiveCfg = Release|iPhoneSimulator
		{8EAAAB38-4587-4611-B8E9-AC77C0F794A5}.Release|iPhoneSimulator.Build.0 = Release|iPhoneSimulator
		{8EAAAB38-4587-4611-B8E9-AC77C0F794A5}.Release|x64.ActiveCfg = Release|iPhoneSimulator
		{8EAAAB38-4587-4611-B8E9-AC77C0F794A5}.Release|x64.Build.0 = Release|iPhoneSimulator
		{8EAAAB38-4587-4611-B8E9-AC77C0F794A5}.Release|x64.Deploy.0 = Release|iPhoneSimulator
		{8EAAAB38-4587-4611-B8E9-AC77C0F794A5}.Release|x86.ActiveCfg = Release|iPhoneSimulator
		{8EAAAB38-4587-4611-B8E9-AC77C0F794A5}.Release|x86.Build.0 = Release|iPhoneSimulator

		{2E003F0C-5C5A-403E-BD25-A80E89218774}.Debug|Any CPU.ActiveCfg = Debug|x86
		{2E003F0C-5C5A-403E-BD25-A80E89218774}.Debug|Any CPU.Build.0 = Debug|x86
		{2E003F0C-5C5A-403E-BD25-A80E89218774}.Debug|Any CPU.Deploy.0 = Debug|x86
		{2E003F0C-5C5A-403E-BD25-A80E89218774}.Debug|ARM.ActiveCfg = Debug|ARM
		{2E003F0C-5C5A-403E-BD25-A80E89218774}.Debug|ARM.Build.0 = Debug|ARM
		{2E003F0C-5C5A-403E-BD25-A80E89218774}.Debug|ARM.Deploy.0 = Debug|ARM
		{2E003F0C-5C5A-403E-BD25-A80E89218774}.Debug|ARM64.ActiveCfg = Debug|ARM64
		{2E003F0C-5C5A-403E-BD25-A80E89218774}.Debug|ARM64.Build.0 = Debug|ARM64
		{2E003F0C-5C5A-403E-BD25-A80E89218774}.Debug|ARM64.Deploy.0 = Debug|ARM64
		{2E003F0C-5C5A-403E-BD25-A80E89218774}.Debug|iPhone.ActiveCfg = Debug|x86
		{2E003F0C-5C5A-403E-BD25-A80E89218774}.Debug|iPhone.Build.0 = Debug|x86
		{2E003F0C-5C5A-403E-BD25-A80E89218774}.Debug|iPhone.Deploy.0 = Debug|x86
		{2E003F0C-5C5A-403E-BD25-A80E89218774}.Debug|iPhoneSimulator.ActiveCfg = Debug|x86
		{2E003F0C-5C5A-403E-BD25-A80E89218774}.Debug|iPhoneSimulator.Build.0 = Debug|x86
		{2E003F0C-5C5A-403E-BD25-A80E89218774}.Debug|iPhoneSimulator.Deploy.0 = Debug|x86
		{2E003F0C-5C5A-403E-BD25-A80E89218774}.Debug|x64.ActiveCfg = Debug|x64
		{2E003F0C-5C5A-403E-BD25-A80E89218774}.Debug|x64.Build.0 = Debug|x64
		{2E003F0C-5C5A-403E-BD25-A80E89218774}.Debug|x64.Deploy.0 = Debug|x64
		{2E003F0C-5C5A-403E-BD25-A80E89218774}.Debug|x86.ActiveCfg = Debug|x86
		{2E003F0C-5C5A-403E-BD25-A80E89218774}.Debug|x86.Build.0 = Debug|x86
		{2E003F0C-5C5A-403E-BD25-A80E89218774}.Debug|x86.Deploy.0 = Debug|x86
		{2E003F0C-5C5A-403E-BD25-A80E89218774}.Release|Any CPU.ActiveCfg = Release|x86
		{2E003F0C-5C5A-403E-BD25-A80E89218774}.Release|ARM.ActiveCfg = Release|ARM
		{2E003F0C-5C5A-403E-BD25-A80E89218774}.Release|ARM.Build.0 = Release|ARM
		{2E003F0C-5C5A-403E-BD25-A80E89218774}.Release|ARM.Deploy.0 = Release|ARM
		{2E003F0C-5C5A-403E-BD25-A80E89218774}.Release|ARM64.ActiveCfg = Release|ARM64
		{2E003F0C-5C5A-403E-BD25-A80E89218774}.Release|ARM64.Build.0 = Release|ARM64
		{2E003F0C-5C5A-403E-BD25-A80E89218774}.Release|ARM64.Deploy.0 = Release|ARM64
		{2E003F0C-5C5A-403E-BD25-A80E89218774}.Release|iPhone.ActiveCfg = Release|x86
		{2E003F0C-5C5A-403E-BD25-A80E89218774}.Release|iPhone.Build.0 = Release|x86
		{2E003F0C-5C5A-403E-BD25-A80E89218774}.Release|iPhoneSimulator.ActiveCfg = Release|x86
		{2E003F0C-5C5A-403E-BD25-A80E89218774}.Release|iPhoneSimulator.Build.0 = Release|x86
		{2E003F0C-5C5A-403E-BD25-A80E89218774}.Release|iPhoneSimulator.Deploy.0 = Release|x86
		{2E003F0C-5C5A-403E-BD25-A80E89218774}.Release|x64.ActiveCfg = Release|x64
		{2E003F0C-5C5A-403E-BD25-A80E89218774}.Release|x64.Build.0 = Release|x64
		{2E003F0C-5C5A-403E-BD25-A80E89218774}.Release|x64.Deploy.0 = Release|x64
		{2E003F0C-5C5A-403E-BD25-A80E89218774}.Release|x86.ActiveCfg = Release|x86
		{2E003F0C-5C5A-403E-BD25-A80E89218774}.Release|x86.Build.0 = Release|x86
		{2E003F0C-5C5A-403E-BD25-A80E89218774}.Release|x86.Deploy.0 = Release|x86

		{048DCF8F-5727-4AC3-AFC8-5A306D84A423}.Debug|Any CPU.ActiveCfg = Debug|Any CPU
		{048DCF8F-5727-4AC3-AFC8-5A306D84A423}.Debug|Any CPU.Build.0 = Debug|Any CPU
		{048DCF8F-5727-4AC3-AFC8-5A306D84A423}.Debug|Any CPU.Deploy.0 = Debug|Any CPU
		{048DCF8F-5727-4AC3-AFC8-5A306D84A423}.Debug|ARM.ActiveCfg = Debug|ARM
		{048DCF8F-5727-4AC3-AFC8-5A306D84A423}.Debug|ARM.Build.0 = Debug|ARM
		{048DCF8F-5727-4AC3-AFC8-5A306D84A423}.Debug|ARM.Deploy.0 = Debug|ARM
		{048DCF8F-5727-4AC3-AFC8-5A306D84A423}.Debug|ARM64.ActiveCfg = Debug|ARM64
		{048DCF8F-5727-4AC3-AFC8-5A306D84A423}.Debug|ARM64.Build.0 = Debug|ARM64
		{048DCF8F-5727-4AC3-AFC8-5A306D84A423}.Debug|ARM64.Deploy.0 = Debug|ARM64
		{048DCF8F-5727-4AC3-AFC8-5A306D84A423}.Debug|iPhone.ActiveCfg = Debug|x86
		{048DCF8F-5727-4AC3-AFC8-5A306D84A423}.Debug|iPhone.Build.0 = Debug|x86
		{048DCF8F-5727-4AC3-AFC8-5A306D84A423}.Debug|iPhone.Deploy.0 = Debug|x86
		{048DCF8F-5727-4AC3-AFC8-5A306D84A423}.Debug|iPhoneSimulator.ActiveCfg = Debug|x86
		{048DCF8F-5727-4AC3-AFC8-5A306D84A423}.Debug|iPhoneSimulator.Build.0 = Debug|x86
		{048DCF8F-5727-4AC3-AFC8-5A306D84A423}.Debug|iPhoneSimulator.Deploy.0 = Debug|x86
		{048DCF8F-5727-4AC3-AFC8-5A306D84A423}.Debug|x64.ActiveCfg = Debug|x64
		{048DCF8F-5727-4AC3-AFC8-5A306D84A423}.Debug|x64.Build.0 = Debug|x64
		{048DCF8F-5727-4AC3-AFC8-5A306D84A423}.Debug|x64.Deploy.0 = Debug|x64
		{048DCF8F-5727-4AC3-AFC8-5A306D84A423}.Debug|x86.ActiveCfg = Debug|x86
		{048DCF8F-5727-4AC3-AFC8-5A306D84A423}.Debug|x86.Build.0 = Debug|x86
		{048DCF8F-5727-4AC3-AFC8-5A306D84A423}.Debug|x86.Deploy.0 = Debug|x86
		{048DCF8F-5727-4AC3-AFC8-5A306D84A423}.Release|Any CPU.ActiveCfg = Release|x86
		{048DCF8F-5727-4AC3-AFC8-5A306D84A423}.Release|ARM.ActiveCfg = Release|ARM
		{048DCF8F-5727-4AC3-AFC8-5A306D84A423}.Release|ARM.Build.0 = Release|ARM
		{048DCF8F-5727-4AC3-AFC8-5A306D84A423}.Release|ARM.Deploy.0 = Release|ARM
		{048DCF8F-5727-4AC3-AFC8-5A306D84A423}.Release|ARM64.ActiveCfg = Release|ARM64
		{048DCF8F-5727-4AC3-AFC8-5A306D84A423}.Release|ARM64.Build.0 = Release|ARM64
		{048DCF8F-5727-4AC3-AFC8-5A306D84A423}.Release|ARM64.Deploy.0 = Release|ARM64
		{048DCF8F-5727-4AC3-AFC8-5A306D84A423}.Release|iPhone.ActiveCfg = Release|x86
		{048DCF8F-5727-4AC3-AFC8-5A306D84A423}.Release|iPhone.Build.0 = Release|x86
		{048DCF8F-5727-4AC3-AFC8-5A306D84A423}.Release|iPhoneSimulator.ActiveCfg = Release|x86
		{048DCF8F-5727-4AC3-AFC8-5A306D84A423}.Release|iPhoneSimulator.Build.0 = Release|x86
		{048DCF8F-5727-4AC3-AFC8-5A306D84A423}.Release|iPhoneSimulator.Deploy.0 = Release|x86
		{048DCF8F-5727-4AC3-AFC8-5A306D84A423}.Release|x64.ActiveCfg = Release|x64
		{048DCF8F-5727-4AC3-AFC8-5A306D84A423}.Release|x64.Build.0 = Release|x64
		{048DCF8F-5727-4AC3-AFC8-5A306D84A423}.Release|x64.Deploy.0 = Release|x64
		{048DCF8F-5727-4AC3-AFC8-5A306D84A423}.Release|x86.ActiveCfg = Release|x86
		{048DCF8F-5727-4AC3-AFC8-5A306D84A423}.Release|x86.Build.0 = Release|x86
		{048DCF8F-5727-4AC3-AFC8-5A306D84A423}.Release|x86.Deploy.0 = Release|x86

		{048DCF8F-5727-4AC3-AFC8-5A306D84A423}.Debug|Any CPU.ActiveCfg = Debug|Any CPU
		{048DCF8F-5727-4AC3-AFC8-5A306D84A423}.Debug|Any CPU.Build.0 = Debug|Any CPU
		{048DCF8F-5727-4AC3-AFC8-5A306D84A423}.Debug|ARM.ActiveCfg = Debug|Any CPU
		{048DCF8F-5727-4AC3-AFC8-5A306D84A423}.Debug|ARM.Build.0 = Debug|Any CPU
		{048DCF8F-5727-4AC3-AFC8-5A306D84A423}.Debug|ARM64.ActiveCfg = Debug|Any CPU
		{048DCF8F-5727-4AC3-AFC8-5A306D84A423}.Debug|ARM64.Build.0 = Debug|Any CPU
		{048DCF8F-5727-4AC3-AFC8-5A306D84A423}.Debug|iPhone.ActiveCfg = Debug|Any CPU
		{048DCF8F-5727-4AC3-AFC8-5A306D84A423}.Debug|iPhone.Build.0 = Debug|Any CPU
		{048DCF8F-5727-4AC3-AFC8-5A306D84A423}.Debug|iPhoneSimulator.ActiveCfg = Debug|Any CPU
		{048DCF8F-5727-4AC3-AFC8-5A306D84A423}.Debug|iPhoneSimulator.Build.0 = Debug|Any CPU
		{048DCF8F-5727-4AC3-AFC8-5A306D84A423}.Debug|x64.ActiveCfg = Debug|Any CPU
		{048DCF8F-5727-4AC3-AFC8-5A306D84A423}.Debug|x64.Build.0 = Debug|Any CPU
		{048DCF8F-5727-4AC3-AFC8-5A306D84A423}.Debug|x86.ActiveCfg = Debug|Any CPU
		{048DCF8F-5727-4AC3-AFC8-5A306D84A423}.Debug|x86.Build.0 = Debug|Any CPU
		{048DCF8F-5727-4AC3-AFC8-5A306D84A423}.Release|Any CPU.ActiveCfg = Release|Any CPU
		{048DCF8F-5727-4AC3-AFC8-5A306D84A423}.Release|Any CPU.Build.0 = Release|Any CPU
		{048DCF8F-5727-4AC3-AFC8-5A306D84A423}.Release|ARM.ActiveCfg = Release|Any CPU
		{048DCF8F-5727-4AC3-AFC8-5A306D84A423}.Release|ARM.Build.0 = Release|Any CPU
		{048DCF8F-5727-4AC3-AFC8-5A306D84A423}.Release|ARM64.ActiveCfg = Release|Any CPU
		{048DCF8F-5727-4AC3-AFC8-5A306D84A423}.Release|ARM64.Build.0 = Release|Any CPU
		{048DCF8F-5727-4AC3-AFC8-5A306D84A423}.Release|iPhone.ActiveCfg = Release|Any CPU
		{048DCF8F-5727-4AC3-AFC8-5A306D84A423}.Release|iPhone.Build.0 = Release|Any CPU
		{048DCF8F-5727-4AC3-AFC8-5A306D84A423}.Release|iPhoneSimulator.ActiveCfg = Release|Any CPU
		{048DCF8F-5727-4AC3-AFC8-5A306D84A423}.Release|iPhoneSimulator.Build.0 = Release|Any CPU
		{048DCF8F-5727-4AC3-AFC8-5A306D84A423}.Release|x64.ActiveCfg = Release|Any CPU
		{048DCF8F-5727-4AC3-AFC8-5A306D84A423}.Release|x64.Build.0 = Release|Any CPU
		{048DCF8F-5727-4AC3-AFC8-5A306D84A423}.Release|x86.ActiveCfg = Release|Any CPU
		{048DCF8F-5727-4AC3-AFC8-5A306D84A423}.Release|x86.Build.0 = Release|Any CPU

		{A5B8155A-118F-4794-B551-C6F3CF7E5411}.Debug|Any CPU.ActiveCfg = Debug|Any CPU
		{A5B8155A-118F-4794-B551-C6F3CF7E5411}.Debug|Any CPU.Build.0 = Debug|Any CPU
		{A5B8155A-118F-4794-B551-C6F3CF7E5411}.Debug|ARM.ActiveCfg = Debug|Any CPU
		{A5B8155A-118F-4794-B551-C6F3CF7E5411}.Debug|ARM.Build.0 = Debug|Any CPU
		{A5B8155A-118F-4794-B551-C6F3CF7E5411}.Debug|ARM64.ActiveCfg = Debug|Any CPU
		{A5B8155A-118F-4794-B551-C6F3CF7E5411}.Debug|ARM64.Build.0 = Debug|Any CPU
		{A5B8155A-118F-4794-B551-C6F3CF7E5411}.Debug|iPhone.ActiveCfg = Debug|Any CPU
		{A5B8155A-118F-4794-B551-C6F3CF7E5411}.Debug|iPhone.Build.0 = Debug|Any CPU
		{A5B8155A-118F-4794-B551-C6F3CF7E5411}.Debug|iPhoneSimulator.ActiveCfg = Debug|Any CPU
		{A5B8155A-118F-4794-B551-C6F3CF7E5411}.Debug|iPhoneSimulator.Build.0 = Debug|Any CPU
		{A5B8155A-118F-4794-B551-C6F3CF7E5411}.Debug|x64.ActiveCfg = Debug|Any CPU
		{A5B8155A-118F-4794-B551-C6F3CF7E5411}.Debug|x64.Build.0 = Debug|Any CPU
		{A5B8155A-118F-4794-B551-C6F3CF7E5411}.Debug|x86.ActiveCfg = Debug|Any CPU
		{A5B8155A-118F-4794-B551-C6F3CF7E5411}.Debug|x86.Build.0 = Debug|Any CPU
		{A5B8155A-118F-4794-B551-C6F3CF7E5411}.Release|Any CPU.ActiveCfg = Release|Any CPU
		{A5B8155A-118F-4794-B551-C6F3CF7E5411}.Release|Any CPU.Build.0 = Release|Any CPU
		{A5B8155A-118F-4794-B551-C6F3CF7E5411}.Release|ARM.ActiveCfg = Release|Any CPU
		{A5B8155A-118F-4794-B551-C6F3CF7E5411}.Release|ARM.Build.0 = Release|Any CPU
		{A5B8155A-118F-4794-B551-C6F3CF7E5411}.Release|ARM64.ActiveCfg = Release|Any CPU
		{A5B8155A-118F-4794-B551-C6F3CF7E5411}.Release|ARM64.Build.0 = Release|Any CPU
		{A5B8155A-118F-4794-B551-C6F3CF7E5411}.Release|iPhone.ActiveCfg = Release|Any CPU
		{A5B8155A-118F-4794-B551-C6F3CF7E5411}.Release|iPhone.Build.0 = Release|Any CPU
		{A5B8155A-118F-4794-B551-C6F3CF7E5411}.Release|iPhoneSimulator.ActiveCfg = Release|Any CPU
		{A5B8155A-118F-4794-B551-C6F3CF7E5411}.Release|iPhoneSimulator.Build.0 = Release|Any CPU
		{A5B8155A-118F-4794-B551-C6F3CF7E5411}.Release|x64.ActiveCfg = Release|Any CPU
		{A5B8155A-118F-4794-B551-C6F3CF7E5411}.Release|x64.Build.0 = Release|Any CPU
		{A5B8155A-118F-4794-B551-C6F3CF7E5411}.Release|x86.ActiveCfg = Release|Any CPU
		{A5B8155A-118F-4794-B551-C6F3CF7E5411}.Release|x86.Build.0 = Release|Any CPU

		{9AED22A6-77DC-4799-BAE7-5F26F2070BD2}.Debug|Any CPU.ActiveCfg = Debug|Any CPU
		{9AED22A6-77DC-4799-BAE7-5F26F2070BD2}.Debug|Any CPU.Build.0 = Debug|Any CPU
		{9AED22A6-77DC-4799-BAE7-5F26F2070BD2}.Debug|ARM.ActiveCfg = Debug|Any CPU
		{9AED22A6-77DC-4799-BAE7-5F26F2070BD2}.Debug|ARM.Build.0 = Debug|Any CPU
		{9AED22A6-77DC-4799-BAE7-5F26F2070BD2}.Debug|ARM64.ActiveCfg = Debug|Any CPU
		{9AED22A6-77DC-4799-BAE7-5F26F2070BD2}.Debug|ARM64.Build.0 = Debug|Any CPU
		{9AED22A6-77DC-4799-BAE7-5F26F2070BD2}.Debug|iPhone.ActiveCfg = Debug|Any CPU
		{9AED22A6-77DC-4799-BAE7-5F26F2070BD2}.Debug|iPhone.Build.0 = Debug|Any CPU
		{9AED22A6-77DC-4799-BAE7-5F26F2070BD2}.Debug|iPhoneSimulator.ActiveCfg = Debug|Any CPU
		{9AED22A6-77DC-4799-BAE7-5F26F2070BD2}.Debug|iPhoneSimulator.Build.0 = Debug|Any CPU
		{9AED22A6-77DC-4799-BAE7-5F26F2070BD2}.Debug|x64.ActiveCfg = Debug|Any CPU
		{9AED22A6-77DC-4799-BAE7-5F26F2070BD2}.Debug|x64.Build.0 = Debug|Any CPU
		{9AED22A6-77DC-4799-BAE7-5F26F2070BD2}.Debug|x86.ActiveCfg = Debug|Any CPU
		{9AED22A6-77DC-4799-BAE7-5F26F2070BD2}.Debug|x86.Build.0 = Debug|Any CPU
		{9AED22A6-77DC-4799-BAE7-5F26F2070BD2}.Release|Any CPU.ActiveCfg = Release|Any CPU
		{9AED22A6-77DC-4799-BAE7-5F26F2070BD2}.Release|Any CPU.Build.0 = Release|Any CPU
		{9AED22A6-77DC-4799-BAE7-5F26F2070BD2}.Release|ARM.ActiveCfg = Release|Any CPU
		{9AED22A6-77DC-4799-BAE7-5F26F2070BD2}.Release|ARM.Build.0 = Release|Any CPU
		{9AED22A6-77DC-4799-BAE7-5F26F2070BD2}.Release|ARM64.ActiveCfg = Release|Any CPU
		{9AED22A6-77DC-4799-BAE7-5F26F2070BD2}.Release|ARM64.Build.0 = Release|Any CPU
		{9AED22A6-77DC-4799-BAE7-5F26F2070BD2}.Release|iPhone.ActiveCfg = Release|Any CPU
		{9AED22A6-77DC-4799-BAE7-5F26F2070BD2}.Release|iPhone.Build.0 = Release|Any CPU
		{9AED22A6-77DC-4799-BAE7-5F26F2070BD2}.Release|iPhoneSimulator.ActiveCfg = Release|Any CPU
		{9AED22A6-77DC-4799-BAE7-5F26F2070BD2}.Release|iPhoneSimulator.Build.0 = Release|Any CPU
		{9AED22A6-77DC-4799-BAE7-5F26F2070BD2}.Release|x64.ActiveCfg = Release|Any CPU
		{9AED22A6-77DC-4799-BAE7-5F26F2070BD2}.Release|x64.Build.0 = Release|Any CPU
		{9AED22A6-77DC-4799-BAE7-5F26F2070BD2}.Release|x86.ActiveCfg = Release|Any CPU
		{9AED22A6-77DC-4799-BAE7-5F26F2070BD2}.Release|x86.Build.0 = Release|Any CPU

		{761D821E-9905-4444-9ADF-76C995FE5427}.Debug|Any CPU.ActiveCfg = Debug|Any CPU
		{761D821E-9905-4444-9ADF-76C995FE5427}.Debug|Any CPU.Build.0 = Debug|Any CPU
		{761D821E-9905-4444-9ADF-76C995FE5427}.Debug|ARM.ActiveCfg = Debug|Any CPU
		{761D821E-9905-4444-9ADF-76C995FE5427}.Debug|ARM.Build.0 = Debug|Any CPU
		{761D821E-9905-4444-9ADF-76C995FE5427}.Debug|ARM64.ActiveCfg = Debug|Any CPU
		{761D821E-9905-4444-9ADF-76C995FE5427}.Debug|ARM64.Build.0 = Debug|Any CPU
		{761D821E-9905-4444-9ADF-76C995FE5427}.Debug|iPhone.ActiveCfg = Debug|Any CPU
		{761D821E-9905-4444-9ADF-76C995FE5427}.Debug|iPhone.Build.0 = Debug|Any CPU
		{761D821E-9905-4444-9ADF-76C995FE5427}.Debug|iPhoneSimulator.ActiveCfg = Debug|Any CPU
		{761D821E-9905-4444-9ADF-76C995FE5427}.Debug|iPhoneSimulator.Build.0 = Debug|Any CPU
		{761D821E-9905-4444-9ADF-76C995FE5427}.Debug|x64.ActiveCfg = Debug|Any CPU
		{761D821E-9905-4444-9ADF-76C995FE5427}.Debug|x64.Build.0 = Debug|Any CPU
		{761D821E-9905-4444-9ADF-76C995FE5427}.Debug|x86.ActiveCfg = Debug|Any CPU
		{761D821E-9905-4444-9ADF-76C995FE5427}.Debug|x86.Build.0 = Debug|Any CPU
		{761D821E-9905-4444-9ADF-76C995FE5427}.Release|Any CPU.ActiveCfg = Release|Any CPU
		{761D821E-9905-4444-9ADF-76C995FE5427}.Release|Any CPU.Build.0 = Release|Any CPU
		{761D821E-9905-4444-9ADF-76C995FE5427}.Release|ARM.ActiveCfg = Release|Any CPU
		{761D821E-9905-4444-9ADF-76C995FE5427}.Release|ARM.Build.0 = Release|Any CPU
		{761D821E-9905-4444-9ADF-76C995FE5427}.Release|ARM64.ActiveCfg = Release|Any CPU
		{761D821E-9905-4444-9ADF-76C995FE5427}.Release|ARM64.Build.0 = Release|Any CPU
		{761D821E-9905-4444-9ADF-76C995FE5427}.Release|iPhone.ActiveCfg = Release|Any CPU
		{761D821E-9905-4444-9ADF-76C995FE5427}.Release|iPhone.Build.0 = Release|Any CPU
		{761D821E-9905-4444-9ADF-76C995FE5427}.Release|iPhoneSimulator.ActiveCfg = Release|Any CPU
		{761D821E-9905-4444-9ADF-76C995FE5427}.Release|iPhoneSimulator.Build.0 = Release|Any CPU
		{761D821E-9905-4444-9ADF-76C995FE5427}.Release|x64.ActiveCfg = Release|Any CPU
		{761D821E-9905-4444-9ADF-76C995FE5427}.Release|x64.Build.0 = Release|Any CPU
		{761D821E-9905-4444-9ADF-76C995FE5427}.Release|x86.ActiveCfg = Release|Any CPU
		{761D821E-9905-4444-9ADF-76C995FE5427}.Release|x86.Build.0 = Release|Any CPU

		{6CF284A4-22B1-4F05-97F4-F095C07A598E}.Debug|Any CPU.ActiveCfg = Debug|Any CPU
		{6CF284A4-22B1-4F05-97F4-F095C07A598E}.Debug|Any CPU.Build.0 = Debug|Any CPU
		{6CF284A4-22B1-4F05-97F4-F095C07A598E}.Debug|ARM.ActiveCfg = Debug|Any CPU
		{6CF284A4-22B1-4F05-97F4-F095C07A598E}.Debug|ARM.Build.0 = Debug|Any CPU
		{6CF284A4-22B1-4F05-97F4-F095C07A598E}.Debug|ARM64.ActiveCfg = Debug|Any CPU
		{6CF284A4-22B1-4F05-97F4-F095C07A598E}.Debug|ARM64.Build.0 = Debug|Any CPU
		{6CF284A4-22B1-4F05-97F4-F095C07A598E}.Debug|iPhone.ActiveCfg = Debug|Any CPU
		{6CF284A4-22B1-4F05-97F4-F095C07A598E}.Debug|iPhone.Build.0 = Debug|Any CPU
		{6CF284A4-22B1-4F05-97F4-F095C07A598E}.Debug|iPhoneSimulator.ActiveCfg = Debug|Any CPU
		{6CF284A4-22B1-4F05-97F4-F095C07A598E}.Debug|iPhoneSimulator.Build.0 = Debug|Any CPU
		{6CF284A4-22B1-4F05-97F4-F095C07A598E}.Debug|x64.ActiveCfg = Debug|Any CPU
		{6CF284A4-22B1-4F05-97F4-F095C07A598E}.Debug|x64.Build.0 = Debug|Any CPU
		{6CF284A4-22B1-4F05-97F4-F095C07A598E}.Debug|x86.ActiveCfg = Debug|Any CPU
		{6CF284A4-22B1-4F05-97F4-F095C07A598E}.Debug|x86.Build.0 = Debug|Any CPU
		{6CF284A4-22B1-4F05-97F4-F095C07A598E}.Release|Any CPU.ActiveCfg = Release|Any CPU
		{6CF284A4-22B1-4F05-97F4-F095C07A598E}.Release|Any CPU.Build.0 = Release|Any CPU
		{6CF284A4-22B1-4F05-97F4-F095C07A598E}.Release|ARM.ActiveCfg = Release|Any CPU
		{6CF284A4-22B1-4F05-97F4-F095C07A598E}.Release|ARM.Build.0 = Release|Any CPU
		{6CF284A4-22B1-4F05-97F4-F095C07A598E}.Release|ARM64.ActiveCfg = Release|Any CPU
		{6CF284A4-22B1-4F05-97F4-F095C07A598E}.Release|ARM64.Build.0 = Release|Any CPU
		{6CF284A4-22B1-4F05-97F4-F095C07A598E}.Release|iPhone.ActiveCfg = Release|Any CPU
		{6CF284A4-22B1-4F05-97F4-F095C07A598E}.Release|iPhone.Build.0 = Release|Any CPU
		{6CF284A4-22B1-4F05-97F4-F095C07A598E}.Release|iPhoneSimulator.ActiveCfg = Release|Any CPU
		{6CF284A4-22B1-4F05-97F4-F095C07A598E}.Release|iPhoneSimulator.Build.0 = Release|Any CPU
		{6CF284A4-22B1-4F05-97F4-F095C07A598E}.Release|x64.ActiveCfg = Release|Any CPU
		{6CF284A4-22B1-4F05-97F4-F095C07A598E}.Release|x64.Build.0 = Release|Any CPU
		{6CF284A4-22B1-4F05-97F4-F095C07A598E}.Release|x86.ActiveCfg = Release|Any CPU
		{6CF284A4-22B1-4F05-97F4-F095C07A598E}.Release|x86.Build.0 = Release|Any CPU

		{40EA03F7-8A22-4143-B251-79BAC3EB13D2}.Debug|Any CPU.ActiveCfg = Debug|Any CPU
		{40EA03F7-8A22-4143-B251-79BAC3EB13D2}.Debug|Any CPU.Build.0 = Debug|Any CPU
		{40EA03F7-8A22-4143-B251-79BAC3EB13D2}.Debug|ARM.ActiveCfg = Debug|Any CPU
		{40EA03F7-8A22-4143-B251-79BAC3EB13D2}.Debug|ARM.Build.0 = Debug|Any CPU
		{40EA03F7-8A22-4143-B251-79BAC3EB13D2}.Debug|ARM64.ActiveCfg = Debug|Any CPU
		{40EA03F7-8A22-4143-B251-79BAC3EB13D2}.Debug|ARM64.Build.0 = Debug|Any CPU
		{40EA03F7-8A22-4143-B251-79BAC3EB13D2}.Debug|iPhone.ActiveCfg = Debug|Any CPU
		{40EA03F7-8A22-4143-B251-79BAC3EB13D2}.Debug|iPhone.Build.0 = Debug|Any CPU
		{40EA03F7-8A22-4143-B251-79BAC3EB13D2}.Debug|iPhoneSimulator.ActiveCfg = Debug|Any CPU
		{40EA03F7-8A22-4143-B251-79BAC3EB13D2}.Debug|iPhoneSimulator.Build.0 = Debug|Any CPU
		{40EA03F7-8A22-4143-B251-79BAC3EB13D2}.Debug|x64.ActiveCfg = Debug|Any CPU
		{40EA03F7-8A22-4143-B251-79BAC3EB13D2}.Debug|x64.Build.0 = Debug|Any CPU
		{40EA03F7-8A22-4143-B251-79BAC3EB13D2}.Debug|x86.ActiveCfg = Debug|Any CPU
		{40EA03F7-8A22-4143-B251-79BAC3EB13D2}.Debug|x86.Build.0 = Debug|Any CPU
		{40EA03F7-8A22-4143-B251-79BAC3EB13D2}.Release|Any CPU.ActiveCfg = Release|Any CPU
		{40EA03F7-8A22-4143-B251-79BAC3EB13D2}.Release|Any CPU.Build.0 = Release|Any CPU
		{40EA03F7-8A22-4143-B251-79BAC3EB13D2}.Release|ARM.ActiveCfg = Release|Any CPU
		{40EA03F7-8A22-4143-B251-79BAC3EB13D2}.Release|ARM.Build.0 = Release|Any CPU
		{40EA03F7-8A22-4143-B251-79BAC3EB13D2}.Release|ARM64.ActiveCfg = Release|Any CPU
		{40EA03F7-8A22-4143-B251-79BAC3EB13D2}.Release|ARM64.Build.0 = Release|Any CPU
		{40EA03F7-8A22-4143-B251-79BAC3EB13D2}.Release|iPhone.ActiveCfg = Release|Any CPU
		{40EA03F7-8A22-4143-B251-79BAC3EB13D2}.Release|iPhone.Build.0 = Release|Any CPU
		{40EA03F7-8A22-4143-B251-79BAC3EB13D2}.Release|iPhoneSimulator.ActiveCfg = Release|Any CPU
		{40EA03F7-8A22-4143-B251-79BAC3EB13D2}.Release|iPhoneSimulator.Build.0 = Release|Any CPU
		{40EA03F7-8A22-4143-B251-79BAC3EB13D2}.Release|x64.ActiveCfg = Release|Any CPU
		{40EA03F7-8A22-4143-B251-79BAC3EB13D2}.Release|x64.Build.0 = Release|Any CPU
		{40EA03F7-8A22-4143-B251-79BAC3EB13D2}.Release|x86.ActiveCfg = Release|Any CPU
		{40EA03F7-8A22-4143-B251-79BAC3EB13D2}.Release|x86.Build.0 = Release|Any CPU
		{C136F956-D75D-48C2-899C-5C5E9B46A097}.Debug|Any CPU.ActiveCfg = Debug|iPhoneSimulator
		{C136F956-D75D-48C2-899C-5C5E9B46A097}.Debug|Any CPU.Build.0 = Debug|iPhoneSimulator
		{C136F956-D75D-48C2-899C-5C5E9B46A097}.Debug|ARM.ActiveCfg = Debug|iPhoneSimulator
		{C136F956-D75D-48C2-899C-5C5E9B46A097}.Debug|ARM64.ActiveCfg = Debug|iPhoneSimulator
		{C136F956-D75D-48C2-899C-5C5E9B46A097}.Debug|iPhone.ActiveCfg = Debug|iPhoneSimulator
		{C136F956-D75D-48C2-899C-5C5E9B46A097}.Debug|iPhone.Build.0 = Debug|iPhoneSimulator
		{C136F956-D75D-48C2-899C-5C5E9B46A097}.Debug|iPhoneSimulator.ActiveCfg = Debug|iPhoneSimulator
		{C136F956-D75D-48C2-899C-5C5E9B46A097}.Debug|iPhoneSimulator.Build.0 = Debug|iPhoneSimulator
		{C136F956-D75D-48C2-899C-5C5E9B46A097}.Debug|x64.ActiveCfg = Debug|iPhoneSimulator
		{C136F956-D75D-48C2-899C-5C5E9B46A097}.Debug|x64.Build.0 = Debug|iPhoneSimulator
		{C136F956-D75D-48C2-899C-5C5E9B46A097}.Debug|x86.ActiveCfg = Debug|iPhoneSimulator
		{C136F956-D75D-48C2-899C-5C5E9B46A097}.Debug|x86.Build.0 = Debug|iPhoneSimulator
		{C136F956-D75D-48C2-899C-5C5E9B46A097}.Release|Any CPU.ActiveCfg = Release|iPhoneSimulator
		{C136F956-D75D-48C2-899C-5C5E9B46A097}.Release|ARM.ActiveCfg = Release|iPhoneSimulator
		{C136F956-D75D-48C2-899C-5C5E9B46A097}.Release|ARM64.ActiveCfg = Release|iPhoneSimulator
		{C136F956-D75D-48C2-899C-5C5E9B46A097}.Release|iPhone.ActiveCfg = Release|iPhoneSimulator
		{C136F956-D75D-48C2-899C-5C5E9B46A097}.Release|iPhone.Build.0 = Release|iPhoneSimulator
		{C136F956-D75D-48C2-899C-5C5E9B46A097}.Release|iPhoneSimulator.ActiveCfg = Release|iPhoneSimulator
		{C136F956-D75D-48C2-899C-5C5E9B46A097}.Release|iPhoneSimulator.Build.0 = Release|iPhoneSimulator
		{C136F956-D75D-48C2-899C-5C5E9B46A097}.Release|x64.ActiveCfg = Release|iPhoneSimulator
		{C136F956-D75D-48C2-899C-5C5E9B46A097}.Release|x64.Build.0 = Release|iPhoneSimulator
		{C136F956-D75D-48C2-899C-5C5E9B46A097}.Release|x86.ActiveCfg = Release|iPhoneSimulator
		{C136F956-D75D-48C2-899C-5C5E9B46A097}.Release|x86.Build.0 = Release|iPhoneSimulator
	EndGlobalSection
	GlobalSection(SolutionProperties) = preSolution
		HideSolutionNode = FALSE
	EndGlobalSection
	GlobalSection(ExtensibilityGlobals) = postSolution
		SolutionGuid = {C7433AE2-B1A0-4C1A-887E-5CAA7AAF67A6}
	EndGlobalSection
EndGlobal
